PODS:
  - connectivity_plus (0.0.1):
    - Flutter
    - Reachability
  - device_info (0.0.1):
    - Flutter
  - device_info_plus (0.0.1):
    - Flutter
  - Firebase/CoreOnly (8.6.0):
    - FirebaseCore (= 8.6.0)
  - Firebase/Crashlytics (8.6.0):
    - Firebase/CoreOnly
    - FirebaseCrashlytics (~> 8.6.0)
  - firebase_core (1.6.0):
    - Firebase/CoreOnly (= 8.6.0)
    - Flutter
  - firebase_crashlytics (2.2.1):
    - Firebase/Crashlytics (= 8.6.0)
    - firebase_core
    - Flutter
  - FirebaseCore (8.6.0):
    - FirebaseCoreDiagnostics (~> 8.0)
    - GoogleUtilities/Environment (~> 7.4)
    - GoogleUtilities/Logger (~> 7.4)
  - FirebaseCoreDiagnostics (8.6.0):
    - GoogleDataTransport (~> 9.0)
    - GoogleUtilities/Environment (~> 7.4)
    - GoogleUtilities/Logger (~> 7.4)
    - nanopb (~> 2.30908.0)
  - FirebaseCrashlytics (8.6.0):
    - FirebaseCore (~> 8.0)
    - FirebaseInstallations (~> 8.0)
    - GoogleDataTransport (~> 9.0)
    - GoogleUtilities/Environment (~> 7.4)
    - nanopb (~> 2.30908.0)
    - PromisesObjC (< 3.0, >= 1.2)
  - FirebaseInstallations (8.6.0):
    - FirebaseCore (~> 8.0)
    - GoogleUtilities/Environment (~> 7.4)
    - GoogleUtilities/UserDefaults (~> 7.4)
    - PromisesObjC (< 3.0, >= 1.2)
  - Flutter (1.0.0)
  - flutter_secure_storage (3.3.1):
    - Flutter
  - FMDB (2.7.5):
    - FMDB/standard (= 2.7.5)
  - FMDB/standard (2.7.5)
  - GoogleDataTransport (9.1.0):
    - GoogleUtilities/Environment (~> 7.2)
    - nanopb (~> 2.30908.0)
    - PromisesObjC (< 3.0, >= 1.2)
  - GoogleUtilities/Environment (7.5.2):
    - PromisesObjC (< 3.0, >= 1.2)
  - GoogleUtilities/Logger (7.5.2):
    - GoogleUtilities/Environment
  - GoogleUtilities/UserDefaults (7.5.2):
    - GoogleUtilities/Logger
  - nanopb (2.30908.0):
    - nanopb/decode (= 2.30908.0)
    - nanopb/encode (= 2.30908.0)
  - nanopb/decode (2.30908.0)
  - nanopb/encode (2.30908.0)
  - path_provider (0.0.1):
    - Flutter
  - PromisesObjC (2.0.0)
  - Reachability (3.2)
  - shared_preferences (0.0.1):
    - Flutter
  - sqflite (0.0.2):
    - Flutter
    - FMDB (>= 2.7.5)
  - sqlite3 (3.35.5):
    - sqlite3/common (= 3.35.5)
  - sqlite3/common (3.35.5)
  - sqlite3/fts5 (3.35.5):
    - sqlite3/common
  - sqlite3/json1 (3.35.5):
    - sqlite3/common
  - sqlite3/perf-threadsafe (3.35.5):
    - sqlite3/common
  - sqlite3/rtree (3.35.5):
    - sqlite3/common
  - sqlite3_flutter_libs (0.0.1):
    - Flutter
    - sqlite3 (~> 3.35.4)
    - sqlite3/fts5
    - sqlite3/json1
    - sqlite3/perf-threadsafe
    - sqlite3/rtree

DEPENDENCIES:
  - connectivity_plus (from `.symlinks/plugins/connectivity_plus/ios`)
  - device_info (from `.symlinks/plugins/device_info/ios`)
  - device_info_plus (from `.symlinks/plugins/device_info_plus/ios`)
  - firebase_core (from `.symlinks/plugins/firebase_core/ios`)
  - firebase_crashlytics (from `.symlinks/plugins/firebase_crashlytics/ios`)
  - Flutter (from `Flutter`)
  - flutter_secure_storage (from `.symlinks/plugins/flutter_secure_storage/ios`)
  - path_provider (from `.symlinks/plugins/path_provider/ios`)
  - shared_preferences (from `.symlinks/plugins/shared_preferences/ios`)
  - sqflite (from `.symlinks/plugins/sqflite/ios`)
  - sqlite3_flutter_libs (from `.symlinks/plugins/sqlite3_flutter_libs/ios`)

SPEC REPOS:
  trunk:
    - Firebase
    - FirebaseCore
    - FirebaseCoreDiagnostics
    - FirebaseCrashlytics
    - FirebaseInstallations
    - FMDB
    - GoogleDataTransport
    - GoogleUtilities
    - nanopb
    - PromisesObjC
    - Reachability
    - sqlite3

EXTERNAL SOURCES:
  connectivity_plus:
    :path: ".symlinks/plugins/connectivity_plus/ios"
  device_info:
    :path: ".symlinks/plugins/device_info/ios"
  device_info_plus:
    :path: ".symlinks/plugins/device_info_plus/ios"
  firebase_core:
    :path: ".symlinks/plugins/firebase_core/ios"
  firebase_crashlytics:
    :path: ".symlinks/plugins/firebase_crashlytics/ios"
  Flutter:
    :path: Flutter
  flutter_secure_storage:
    :path: ".symlinks/plugins/flutter_secure_storage/ios"
  path_provider:
    :path: ".symlinks/plugins/path_provider/ios"
  shared_preferences:
    :path: ".symlinks/plugins/shared_preferences/ios"
  sqflite:
    :path: ".symlinks/plugins/sqflite/ios"
  sqlite3_flutter_libs:
    :path: ".symlinks/plugins/sqlite3_flutter_libs/ios"

SPEC CHECKSUMS:
  connectivity_plus: 5f0eb61093bec56935f21a1699dd2758bc895587
  device_info: d7d233b645a32c40dfdc212de5cf646ca482f175
  device_info_plus: e5c5da33f982a436e103237c0c85f9031142abed
  Firebase: 21ac9f28b09a8bdfc005f34c984fca84e7e8786d
  firebase_core: c21ac09a8d23afd3594b56ed786bad12e5266bba
  firebase_crashlytics: b0581024be6112af8821de61e5a37fdb292373f0
  FirebaseCore: 620b677f70f5470a8e59cb77f3ddc666f6f09785
  FirebaseCoreDiagnostics: 3721920bde3a9a6d5aa093c1d25e9d3e47f694af
  FirebaseCrashlytics: 58f8ecea7c799c61c50e8111d2e438424a8a1d2e
  FirebaseInstallations: 0ede6ffcd215b8f93c19d9b06c1c54e2d4107e98
  Flutter: 50d75fe2f02b26cc09d224853bb45737f8b3214a
  flutter_secure_storage: 7953c38a04c3fdbb00571bcd87d8e3b5ceb9daec
  FMDB: 2ce00b547f966261cd18927a3ddb07cb6f3db82a
  GoogleDataTransport: 85fd18ff3019bb85d3f2c551d04c481dedf71fc9
  GoogleUtilities: 8de2a97a17e15b6b98e38e8770e2d129a57c0040
  nanopb: a0ba3315591a9ae0a16a309ee504766e90db0c96
  path_provider: abfe2b5c733d04e238b0d8691db0cfd63a27a93c
  PromisesObjC: 68159ce6952d93e17b2dfe273b8c40907db5ba58
  Reachability: 33e18b67625424e47b6cde6d202dce689ad7af96
  shared_preferences: af6bfa751691cdc24be3045c43ec037377ada40d
  sqflite: 6d358c025f5b867b29ed92fc697fd34924e11904
  sqlite3: 75da32fd4e3574f6c38566a9f0114cfe792c8db5
  sqlite3_flutter_libs: aedb7b6ba191f9a052dcef77691cf5d37437431c

PODFILE CHECKSUM: aafe91acc616949ddb318b77800a7f51bffa2a4c

COCOAPODS: 1.10.0
